
Microsoft Visual Studio Solution File, Format Version 12.00
# Visual Studio Version 16
VisualStudioVersion = 16.0.30711.63
MinimumVisualStudioVersion = 10.0.40219.1
Project("{FAE04EC0-301F-11D3-BF4B-00C04F79EFBC}") = "TPLDemo", "TPLDemo\TPLDemo.csproj", "{0A730547-E155-4D9C-AE04-44C9CA0DD794}"
EndProject
Global
	GlobalSection(SolutionConfigurationPlatforms) = preSolution
		Debug|Any CPU = Debug|Any CPU
		Release|Any CPU = Release|Any CPU
	EndGlobalSection
	GlobalSection(ProjectConfigurationPlatforms) = postSolution
		{0A730547-E155-4D9C-AE04-44C9CA0DD794}.Debug|Any CPU.ActiveCfg = Debug|Any CPU
		{0A730547-E155-4D9C-AE04-44C9CA0DD794}.Debug|Any CPU.Build.0 = Debug|Any CPU
		{0A730547-E155-4D9C-AE04-44C9CA0DD794}.Release|Any CPU.ActiveCfg = Release|Any CPU
		{0A730547-E155-4D9C-AE04-44C9CA0DD794}.Release|Any CPU.Build.0 = Release|Any CPU
	EndGlobalSection
	GlobalSection(SolutionProperties) = preSolution
		HideSolutionNode = FALSE
	EndGlobalSection
	GlobalSection(ExtensibilityGlobals) = postSolution
		SolutionGuid = {CBB89240-9F74-42A3-A0B6-2B204C403EA8}
	EndGlobalSection
EndGlobal
